<Solution>
  <Folder Name="/Filters/">
    <Project Path="Filters/RealEstatesWatcher.AdPostsFilters.BasicFilter/RealEstatesWatcher.AdPostsFilters.BasicFilter.csproj" />
    <Project Path="Filters/RealEstatesWatcher.AdPostsFilters.Contracts/RealEstatesWatcher.AdPostsFilters.Contracts.csproj" />
  </Folder>
  <Folder Name="/Handlers/">
    <Project Path="Handlers/RealEstatesWatcher.AdPostsHandlers.Base.Html/RealEstatesWatcher.AdPostsHandlers.Base.Html.csproj" Id="3f9f7884-6bf9-41f1-beec-e5b6ed209236" />
    <Project Path="Handlers/RealEstatesWatcher.AdPostsHandlers.Contracts/RealEstatesWatcher.AdPostsHandlers.Contracts.csproj" />
    <Project Path="Handlers/RealEstatesWatcher.AdPostsHandlers.Email/RealEstatesWatcher.AdPostsHandlers.Email.csproj" />
    <Project Path="Handlers/RealEstatesWatcher.AdPostsHandlers.File/RealEstatesWatcher.AdPostsHandlers.File.csproj" />
    <Project Path="Handlers/RealEstatesWatcher.AdPostsHandlers.Telegram/RealEstatesWatcher.AdPostsHandlers.Telegram.csproj" />
  </Folder>
  <Folder Name="/Portals/">
    <Project Path="Portals/RealEstatesWatcher.AdsPortals.Base/RealEstatesWatcher.AdsPortals.Base.csproj" />
    <Project Path="Portals/RealEstatesWatcher.AdsPortals.BazosCz/RealEstatesWatcher.AdsPortals.BazosCz.csproj" />
    <Project Path="Portals/RealEstatesWatcher.AdsPortals.BezrealitkyCz/RealEstatesWatcher.AdsPortals.BezrealitkyCz.csproj" />
    <Project Path="Portals/RealEstatesWatcher.AdsPortals.BidliCz/RealEstatesWatcher.AdsPortals.BidliCz.csproj" />
    <Project Path="Portals/RealEstatesWatcher.AdsPortals.BravisCz/RealEstatesWatcher.AdsPortals.BravisCz.csproj" />
    <Project Path="Portals/RealEstatesWatcher.AdsPortals.CeskeRealityCz/RealEstatesWatcher.AdsPortals.CeskeRealityCz.csproj" />
    <Project Path="Portals/RealEstatesWatcher.AdsPortals.Contracts/RealEstatesWatcher.AdsPortals.Contracts.csproj" />
    <Project Path="Portals/RealEstatesWatcher.AdsPortals.FlatZoneCz/RealEstatesWatcher.AdsPortals.FlatZoneCz.csproj" />
    <Project Path="Portals/RealEstatesWatcher.AdsPortals.MMRealityCz/RealEstatesWatcher.AdsPortals.MMRealityCz.csproj" />
    <Project Path="Portals/RealEstatesWatcher.AdsPortals.RealcityCz/RealEstatesWatcher.AdsPortals.RealcityCz.csproj" />
    <Project Path="Portals/RealEstatesWatcher.AdsPortals.RealityIdnesCz/RealEstatesWatcher.AdsPortals.RealityIdnesCz.csproj" />
    <Project Path="Portals/RealEstatesWatcher.AdsPortals.RemaxCz/RealEstatesWatcher.AdsPortals.RemaxCz.csproj" />
    <Project Path="Portals/RealEstatesWatcher.AdsPortals.SrealityCz/RealEstatesWatcher.AdsPortals.SrealityCz.csproj" />
  </Folder>
  <Folder Name="/Scrapers/">
    <Project Path="Scrapers/RealEstatesWatcher.Scrapers.Contracts/RealEstatesWatcher.Scrapers.Contracts.csproj" />
    <Project Path="Scrapers/RealEstatesWatcher.Scrapers/RealEstatesWatcher.Scrapers.csproj" />
  </Folder>
  <Folder Name="/Solution Items/">
    <File Path="Directory.Packages.props" />
    <File Path="Dockerfile" />
    <File Path="global.json" />
    <File Path="README.md" />
  </Folder>
  <Folder Name="/Tools/">
    <File Path="Tools/post-email-template.html" />
    <Project Path="Tools/RealEstatesWatcher.Tools.Attributes/RealEstatesWatcher.Tools.Attributes.csproj" Id="1d161496-31e0-47f9-996f-25a19b303554" />
  </Folder>
  <Folder Name="/Tools/Node.js web scraper/">
    <File Path="Tools/scraper/cookies.json" />
    <File Path="Tools/scraper/index.js" />
    <File Path="Tools/scraper/package.json" />
  </Folder>
  <Folder Name="/Tests/">
    <Project Path="tests/RealEstatesWatcher.Core.Tests/RealEstatesWatcher.Core.Tests.csproj" />
    <Project Path="tests/RealEstatesWatcher.Models.Tests/RealEstatesWatcher.Models.Tests.csproj" />
    <Project Path="tests/RealEstatesWatcher.UI.Console.Tests/RealEstatesWatcher.UI.Console.Tests.csproj" />
  </Folder>
  <Folder Name="/Tests/Filters/">
    <Project Path="tests/Filters/RealEstatesWatcher.AdPostsFilters.BasicFilter.Tests/RealEstatesWatcher.AdPostsFilters.BasicFilter.Tests.csproj" />
  </Folder>
  <Folder Name="/Tests/Handlers/">
    <Project Path="tests/Handlers/RealEstatesWatcher.AdPostsHandlers.Base.Html.Tests/RealEstatesWatcher.AdPostsHandlers.Base.Html.Tests.csproj" />
    <Project Path="tests/Handlers/RealEstatesWatcher.AdPostsHandlers.Email.Tests/RealEstatesWatcher.AdPostsHandlers.Email.Tests.csproj" />
    <Project Path="tests/Handlers/RealEstatesWatcher.AdPostsHandlers.File.Tests/RealEstatesWatcher.AdPostsHandlers.File.Tests.csproj" />
  </Folder>
  <Folder Name="/Tests/Integration/">
    <Project Path="tests/Integration/RealEstatesWatcher.Integration.ProcessFixture/RealEstatesWatcher.Integration.ProcessFixture.csproj" />
    <Project Path="tests/Integration/RealEstatesWatcher.Integration.Tests/RealEstatesWatcher.Integration.Tests.csproj" />
  </Folder>
  <Folder Name="/Tests/Portals/">
    <Project Path="tests/Portals/RealEstatesWatcher.AdsPortals.Base.Tests/RealEstatesWatcher.AdsPortals.Base.Tests.csproj" />
    <Project Path="tests/Portals/RealEstatesWatcher.AdsPortals.BazosCz.Tests/RealEstatesWatcher.AdsPortals.BazosCz.Tests.csproj" />
    <Project Path="tests/Portals/RealEstatesWatcher.AdsPortals.BezrealitkyCz.Tests/RealEstatesWatcher.AdsPortals.BezrealitkyCz.Tests.csproj" />
    <Project Path="tests/Portals/RealEstatesWatcher.AdsPortals.BidliCz.Tests/RealEstatesWatcher.AdsPortals.BidliCz.Tests.csproj" />
    <Project Path="tests/Portals/RealEstatesWatcher.AdsPortals.BravisCz.Tests/RealEstatesWatcher.AdsPortals.BravisCz.Tests.csproj" />
    <Project Path="tests/Portals/RealEstatesWatcher.AdsPortals.CeskeRealityCz.Tests/RealEstatesWatcher.AdsPortals.CeskeRealityCz.Tests.csproj" />
    <Project Path="tests/Portals/RealEstatesWatcher.AdsPortals.FlatZoneCz.Tests/RealEstatesWatcher.AdsPortals.FlatZoneCz.Tests.csproj" />
    <Project Path="tests/Portals/RealEstatesWatcher.AdsPortals.MMRealityCz.Tests/RealEstatesWatcher.AdsPortals.MMRealityCz.Tests.csproj" />
    <Project Path="tests/Portals/RealEstatesWatcher.AdsPortals.RealcityCz.Tests/RealEstatesWatcher.AdsPortals.RealcityCz.Tests.csproj" />
    <Project Path="tests/Portals/RealEstatesWatcher.AdsPortals.RealityIdnesCz.Tests/RealEstatesWatcher.AdsPortals.RealityIdnesCz.Tests.csproj" />
    <Project Path="tests/Portals/RealEstatesWatcher.AdsPortals.RemaxCz.Tests/RealEstatesWatcher.AdsPortals.RemaxCz.Tests.csproj" />
    <Project Path="tests/Portals/RealEstatesWatcher.AdsPortals.SrealityCz.Tests/RealEstatesWatcher.AdsPortals.SrealityCz.Tests.csproj" />
  </Folder>
  <Folder Name="/Tests/Scrapers/">
    <Project Path="tests/Scrapers/RealEstatesWatcher.Scrapers.Tests/RealEstatesWatcher.Scrapers.Tests.csproj" />
  </Folder>
  <Folder Name="/Tests/Tools/">
    <Project Path="tests/Tools/RealEstatesWatcher.Tools.Attributes.Tests/RealEstatesWatcher.Tools.Attributes.Tests.csproj" />
  </Folder>
  <Project Path="RealEstatesWatcher.Core/RealEstatesWatcher.Core.csproj" />
  <Project Path="RealEstatesWatcher.Models/RealEstatesWatcher.Models.csproj" />
  <Project Path="RealEstatesWatcher.UI.Console/RealEstatesWatcher.UI.Console.csproj" />
</Solution>
